
Microsoft Visual Studio Solution File, Format Version 12.00
# Visual Studio Version 16
VisualStudioVersion = 25.0.1705.0
MinimumVisualStudioVersion = 10.0.40219.1
Project("{FAE04EC0-301F-11D3-BF4B-00C04F79EFBC}") = "DiceRoller", "DiceRoller\DiceRoller.csproj", "{DAA7619E-546D-47A9-9325-BAC62254E918}"
EndProject
Global
	GlobalSection(SolutionConfigurationPlatforms) = preSolution
		Debug|Any CPU = Debug|Any CPU
		Release|Any CPU = Release|Any CPU
	EndGlobalSection
	GlobalSection(ProjectConfigurationPlatforms) = postSolution
		{DAA7619E-546D-47A9-9325-BAC62254E918}.Debug|Any CPU.ActiveCfg = Debug|Any CPU
		{DAA7619E-546D-47A9-9325-BAC62254E918}.Debug|Any CPU.Build.0 = Debug|Any CPU
		{DAA7619E-546D-47A9-9325-BAC62254E918}.Release|Any CPU.ActiveCfg = Release|Any CPU
		{DAA7619E-546D-47A9-9325-BAC62254E918}.Release|Any CPU.Build.0 = Release|Any CPU
	EndGlobalSection
	GlobalSection(SolutionProperties) = preSolution
		HideSolutionNode = FALSE
	EndGlobalSection
	GlobalSection(ExtensibilityGlobals) = postSolution
		SolutionGuid = {371121D0-D3C7-4B1C-A3CE-C87B6F606558}
	EndGlobalSection
EndGlobal
